github.com/ProtonMail/go-crypto v1.4.1 h1:9RfcZHqEQUvP8RzecWEUafnZVtEvrBVL9BiF67IQOfM=
github.com/ProtonMail/go-crypto v1.4.1/go.mod h1:e1OaTyu5SYVrO9gKOEhTc+5UcXtTUa+P3uLudwcgPqo=
github.com/cloudflare/circl v1.6.2 h1:hL7VBpHHKzrV5WTfHCaBsgx/HGbBYlgrwvNXEVDYYsQ=
github.com/cloudflare/circl v1.6.2/go.mod h1:2eXP6Qfat4O/Yhh8BznvKnJ+uzEoTQ6jVKJRn81BiS4=
github.com/go-eyaml/eyaml v0.1.1-0.20260710111333-df7c50b60092 h1:HKJrMhDwor+UyLrMhw+uIL+Fdrcrz0FJOHTWfjY5wUA=
github.com/go-eyaml/eyaml v0.1.1-0.20260710111333-df7c50b60092/go.mod h1:qf4FGeUyDbvwlzCd2XgGc3NNBYV6I/bOSHdn/cfyB14=
github.com/go-hiera/hiera v0.0.0-20260708051558-73bff6edd0e9 h1:SydVW8z9lhzfLFvLTsaUPoNmStmdp/09DmI7Vwxz9QE=
github.com/go-hiera/hiera v0.0.0-20260708051558-73bff6edd0e9/go.mod h1:Xsrq+9d6EzW6Ju6DyJpIDDj4CYGka5ZAOWlBbQOOE5k=
github.com/go-ruby-yaml/yaml v0.0.0-20260706120500-56d458798003 h1:SJ9mY8e11Lv0MbTh9CSxYMhY4AyaDHRmc3mYE+WQOQM=
github.com/go-ruby-yaml/yaml v0.0.0-20260706120500-56d458798003/go.mod h1:HtbQgnZpSTJBAhPg1jOKgHycZl3tXgf9ZdOu4dnHWjQ=
golang.org/x/crypto v0.41.0 h1:WKYxWedPGCTVVl5+WHSSrOBT0O8lx32+zxmHxijgXp4=
golang.org/x/crypto v0.41.0/go.mod h1:pO5AFd7FA68rFak7rOAGVuygIISepHftHnr8dr6+sUc=
golang.org/x/sys v0.35.0 h1:vz1N37gP5bs89s7He8XuIYXpyY0+QlsKmzipCbUtyxI=
golang.org/x/sys v0.35.0/go.mod h1:BJP2sWEmIv4KK5OTEluFJCKSidICx8ciO85XgH3Ak8k=
